
Microsoft Visual Studio Solution File, Format Version 12.00
# Visual Studio Version 16
VisualStudioVersion = 16.0.30517.126
MinimumVisualStudioVersion = 10.0.40219.1
Project("{2150E333-8FDC-42A3-9474-1A3956D46DE8}") = "src", "src", "{5B58C00A-9961-4F9A-BAEE-66F9EC38A828}"
EndProject
Project("{FAE04EC0-301F-11D3-BF4B-00C04F79EFBC}") = "api-az204-lab01", "src\api-az204-lab01\api-az204-lab01.csproj", "{7C8FC072-0741-420D-9BB6-C1D0CE65F69C}"
EndProject
Global
	GlobalSection(SolutionConfigurationPlatforms) = preSolution
		Debug|Any CPU = Debug|Any CPU
		Release|Any CPU = Release|Any CPU
	EndGlobalSection
	GlobalSection(ProjectConfigurationPlatforms) = postSolution
		{7C8FC072-0741-420D-9BB6-C1D0CE65F69C}.Debug|Any CPU.ActiveCfg = Debug|Any CPU
		{7C8FC072-0741-420D-9BB6-C1D0CE65F69C}.Debug|Any CPU.Build.0 = Debug|Any CPU
		{7C8FC072-0741-420D-9BB6-C1D0CE65F69C}.Release|Any CPU.ActiveCfg = Release|Any CPU
		{7C8FC072-0741-420D-9BB6-C1D0CE65F69C}.Release|Any CPU.Build.0 = Release|Any CPU
	EndGlobalSection
	GlobalSection(SolutionProperties) = preSolution
		HideSolutionNode = FALSE
	EndGlobalSection
	GlobalSection(NestedProjects) = preSolution
		{7C8FC072-0741-420D-9BB6-C1D0CE65F69C} = {5B58C00A-9961-4F9A-BAEE-66F9EC38A828}
	EndGlobalSection
	GlobalSection(ExtensibilityGlobals) = postSolution
		SolutionGuid = {D4A04AC4-1F02-4C83-BD33-6B379B8B82B4}
	EndGlobalSection
EndGlobal
